
Microsoft Visual Studio Solution File, Format Version 12.00
# Visual Studio Version 17
VisualStudioVersion = 17.4.33403.182
MinimumVisualStudioVersion = 10.0.40219.1
Project("{FAE04EC0-301F-11D3-BF4B-00C04F79EFBC}") = "u2_1", "u2_1\u2_1.csproj", "{27A4C115-B987-4F6D-94C5-3F470BBC04B9}"
EndProject
Global
	GlobalSection(SolutionConfigurationPlatforms) = preSolution
		Debug|Any CPU = Debug|Any CPU
		Release|Any CPU = Release|Any CPU
	EndGlobalSection
	GlobalSection(ProjectConfigurationPlatforms) = postSolution
		{27A4C115-B987-4F6D-94C5-3F470BBC04B9}.Debug|Any CPU.ActiveCfg = Debug|Any CPU
		{27A4C115-B987-4F6D-94C5-3F470BBC04B9}.Debug|Any CPU.Build.0 = Debug|Any CPU
		{27A4C115-B987-4F6D-94C5-3F470BBC04B9}.Release|Any CPU.ActiveCfg = Release|Any CPU
		{27A4C115-B987-4F6D-94C5-3F470BBC04B9}.Release|Any CPU.Build.0 = Release|Any CPU
	EndGlobalSection
	GlobalSection(SolutionProperties) = preSolution
		HideSolutionNode = FALSE
	EndGlobalSection
	GlobalSection(ExtensibilityGlobals) = postSolution
		SolutionGuid = {BC95C621-18ED-44C4-BCA0-16D088C84885}
	EndGlobalSection
EndGlobal
